<Solution>
  <Folder Name="/src/">
    <Project Path="src/Spatial.Core/Spatial.Core.csproj" />
    <Project Path="src/Spatial.Host/Spatial.Host.csproj" />
    <Project Path="src/Spatial.PluginHost.DotNet/Spatial.PluginHost.DotNet.csproj" />
    <Project Path="src/Spatial.PluginSdk/Spatial.PluginSdk.csproj" />
    <Project Path="src/Spatial.Runtime/Spatial.Runtime.csproj" />
  </Folder>
  <Folder Name="/tests/" />
  <Folder Name="/tests/unit/">
    <Project Path="tests/unit/Spatial.Core.Tests/Spatial.Core.Tests.csproj" />
    <Project Path="tests/unit/Spatial.Runtime.Tests/Spatial.Runtime.Tests.csproj" />
  </Folder>
  <Folder Name="/tests/architecture/">
    <Project Path="tests/architecture/Spatial.Architecture.Tests/Spatial.Architecture.Tests.csproj" />
  </Folder>
  <Folder Name="/tests/integration/">
    <Project Path="tests/integration/Spatial.Host.Tests/Spatial.Host.Tests.csproj" />
  </Folder>
</Solution>
