<Solution>
  <Folder Name="/src/">
    <Project Path="src/Spatial.AppHost/Spatial.AppHost.csproj" />
    <Project Path="src/Spatial.Adapter.GeoServices/Spatial.Adapter.GeoServices.csproj" />
    <Project Path="src/Spatial.Adapter.Ogc/Spatial.Adapter.Ogc.csproj" />
    <Project Path="src/Spatial.Core/Spatial.Core.csproj" />
    <Project Path="src/Spatial.Host/Spatial.Host.csproj" />
    <Project Path="src/Spatial.Esri.Codec/Spatial.Esri.Codec.csproj" />
    <Project Path="src/Spatial.Ingest.Codec/Spatial.Ingest.Codec.csproj" />
    <Project Path="src/Spatial.Operations.NetTopologySuite/Spatial.Operations.NetTopologySuite.csproj" />
    <Project Path="src/Spatial.PluginSdk/Spatial.PluginSdk.csproj" />
    <Project Path="src/Spatial.Stores.Demo/Spatial.Stores.Demo.csproj" />
    <Project Path="src/Spatial.Stores.Memory/Spatial.Stores.Memory.csproj" />
    <Project Path="src/Spatial.Stores.PostGIS/Spatial.Stores.PostGIS.csproj" />
    <Project Path="src/Spatial.Maps/Spatial.Maps.csproj" />
    <Project Path="src/Spatial.Stores.ArcGisRest/Spatial.Stores.ArcGisRest.csproj" />
    <Project Path="src/Spatial.Imagery.Vips/Spatial.Imagery.Vips.csproj" />
    <Project Path="src/Spatial.Rendering.Skia/Spatial.Rendering.Skia.csproj" />
    <Project Path="src/Spatial.Tiling.WebMercator/Spatial.Tiling.WebMercator.csproj" />
    <Project Path="src/Spatial.Transformations.ProjNet/Spatial.Transformations.ProjNet.csproj" />
  </Folder>
  <Folder Name="/tests/" />
  <Folder Name="/tests/unit/">
    <Project Path="tests/unit/Spatial.Adapter.GeoServices.Tests/Spatial.Adapter.GeoServices.Tests.csproj" />
    <Project Path="tests/unit/Spatial.Adapter.Ogc.Tests/Spatial.Adapter.Ogc.Tests.csproj" />
    <Project Path="tests/unit/Spatial.Core.Tests/Spatial.Core.Tests.csproj" />
    <Project Path="tests/unit/Spatial.Esri.Codec.Tests/Spatial.Esri.Codec.Tests.csproj" />
    <Project Path="tests/unit/Spatial.Ingest.Codec.Tests/Spatial.Ingest.Codec.Tests.csproj" />
    <Project Path="tests/unit/Spatial.Client.Tests/Spatial.Client.Tests.csproj" />
    <Project Path="tests/unit/Spatial.Cli.Tests/Spatial.Cli.Tests.csproj" />
    <Project Path="tests/unit/Spatial.Operations.NetTopologySuite.Tests/Spatial.Operations.NetTopologySuite.Tests.csproj" />
    <Project Path="tests/unit/Spatial.Stores.Demo.Tests/Spatial.Stores.Demo.Tests.csproj" />
    <Project Path="tests/unit/Spatial.Stores.Memory.Tests/Spatial.Stores.Memory.Tests.csproj" />
    <Project Path="tests/unit/Spatial.Stores.PostGIS.Tests/Spatial.Stores.PostGIS.Tests.csproj" />
    <Project Path="tests/unit/Spatial.Maps.Tests/Spatial.Maps.Tests.csproj" />
    <Project Path="tests/unit/Spatial.Stores.ArcGisRest.Tests/Spatial.Stores.ArcGisRest.Tests.csproj" />
    <Project Path="tests/unit/Spatial.Rendering.Skia.Tests/Spatial.Rendering.Skia.Tests.csproj" />
    <Project Path="tests/unit/Spatial.Tiling.WebMercator.Tests/Spatial.Tiling.WebMercator.Tests.csproj" />
    <Project Path="tests/unit/Spatial.Imagery.Vips.Tests/Spatial.Imagery.Vips.Tests.csproj" />
    <Project Path="tests/unit/Spatial.Transformations.ProjNet.Tests/Spatial.Transformations.ProjNet.Tests.csproj" />
  </Folder>
  <Folder Name="/tests/architecture/">
    <Project Path="tests/architecture/Spatial.Architecture.Tests/Spatial.Architecture.Tests.csproj" />
  </Folder>
  <Folder Name="/tests/performance/">
    <Project Path="tests/performance/Spatial.Performance/Spatial.Performance.csproj" />
    <Project Path="tests/performance/Spatial.HostThroughput.Tests/Spatial.HostThroughput.Tests.csproj" />
    <Project Path="tests/performance/Spatial.Performance.Gates/Spatial.Performance.Gates.csproj" />
  </Folder>
  <Folder Name="/tests/integration/">
    <Project Path="tests/integration/Spatial.Host.Tests/Spatial.Host.Tests.csproj" />
    <Project Path="tests/integration/Spatial.PostGIS.Tests/Spatial.PostGIS.Tests.csproj" />
  </Folder>
</Solution>
