<Solution>
  <Folder Name="/src/">
    <Project Path="src/Spatial.AppHost/Spatial.AppHost.csproj" />
    <Project Path="src/Spatial.Adapter.GeoServices/Spatial.Adapter.GeoServices.csproj" />
    <Project Path="src/Spatial.Adapter.Ogc/Spatial.Adapter.Ogc.csproj" />
    <Project Path="src/Spatial.Core/Spatial.Core.csproj" />
    <Project Path="src/Spatial.Host/Spatial.Host.csproj" />
    <Project Path="src/Spatial.Interop.Esri/Spatial.Interop.Esri.csproj" />
    <Project Path="src/Spatial.Interop.Ingest/Spatial.Interop.Ingest.csproj" />
    <Project Path="src/Spatial.Operations.NetTopologySuite/Spatial.Operations.NetTopologySuite.csproj" />
    <Project Path="src/Spatial.PluginSdk/Spatial.PluginSdk.csproj" />
    <Project Path="src/Spatial.Provider.Demo/Spatial.Provider.Demo.csproj" />
    <Project Path="src/Spatial.Provider.Memory/Spatial.Provider.Memory.csproj" />
    <Project Path="src/Spatial.Provider.PostGIS/Spatial.Provider.PostGIS.csproj" />
    <Project Path="src/Spatial.Provider.Maps/Spatial.Provider.Maps.csproj" />
    <Project Path="src/Spatial.Provider.ArcGisRest/Spatial.Provider.ArcGisRest.csproj" />
    <Project Path="src/Spatial.Imagery.Vips/Spatial.Imagery.Vips.csproj" />
    <Project Path="src/Spatial.Rendering.Skia/Spatial.Rendering.Skia.csproj" />
    <Project Path="src/Spatial.Tiling.WebMercator/Spatial.Tiling.WebMercator.csproj" />
    <Project Path="src/Spatial.Transformations.ProjNet/Spatial.Transformations.ProjNet.csproj" />
  </Folder>
  <Folder Name="/tests/" />
  <Folder Name="/tests/unit/">
    <Project Path="tests/unit/Spatial.Adapter.GeoServices.Tests/Spatial.Adapter.GeoServices.Tests.csproj" />
    <Project Path="tests/unit/Spatial.Adapter.Ogc.Tests/Spatial.Adapter.Ogc.Tests.csproj" />
    <Project Path="tests/unit/Spatial.Core.Tests/Spatial.Core.Tests.csproj" />
    <Project Path="tests/unit/Spatial.Interop.Esri.Tests/Spatial.Interop.Esri.Tests.csproj" />
    <Project Path="tests/unit/Spatial.Interop.Ingest.Tests/Spatial.Interop.Ingest.Tests.csproj" />
    <Project Path="tests/unit/Spatial.Client.Tests/Spatial.Client.Tests.csproj" />
    <Project Path="tests/unit/Spatial.Cli.Tests/Spatial.Cli.Tests.csproj" />
    <Project Path="tests/unit/Spatial.Operations.NetTopologySuite.Tests/Spatial.Operations.NetTopologySuite.Tests.csproj" />
    <Project Path="tests/unit/Spatial.Provider.Demo.Tests/Spatial.Provider.Demo.Tests.csproj" />
    <Project Path="tests/unit/Spatial.Provider.Memory.Tests/Spatial.Provider.Memory.Tests.csproj" />
    <Project Path="tests/unit/Spatial.Provider.PostGIS.Tests/Spatial.Provider.PostGIS.Tests.csproj" />
    <Project Path="tests/unit/Spatial.Provider.Maps.Tests/Spatial.Provider.Maps.Tests.csproj" />
    <Project Path="tests/unit/Spatial.Provider.ArcGisRest.Tests/Spatial.Provider.ArcGisRest.Tests.csproj" />
    <Project Path="tests/unit/Spatial.Rendering.Skia.Tests/Spatial.Rendering.Skia.Tests.csproj" />
    <Project Path="tests/unit/Spatial.Tiling.WebMercator.Tests/Spatial.Tiling.WebMercator.Tests.csproj" />
    <Project Path="tests/unit/Spatial.Imagery.Vips.Tests/Spatial.Imagery.Vips.Tests.csproj" />
    <Project Path="tests/unit/Spatial.Transformations.ProjNet.Tests/Spatial.Transformations.ProjNet.Tests.csproj" />
  </Folder>
  <Folder Name="/tests/architecture/">
    <Project Path="tests/architecture/Spatial.Architecture.Tests/Spatial.Architecture.Tests.csproj" />
  </Folder>
  <Folder Name="/tests/performance/">
    <Project Path="tests/performance/Spatial.Performance/Spatial.Performance.csproj" />
    <Project Path="tests/performance/Spatial.HostThroughput.Tests/Spatial.HostThroughput.Tests.csproj" />
  </Folder>
  <Folder Name="/tests/integration/">
    <Project Path="tests/integration/Spatial.Host.Tests/Spatial.Host.Tests.csproj" />
    <Project Path="tests/integration/Spatial.PostGIS.Tests/Spatial.PostGIS.Tests.csproj" />
  </Folder>
</Solution>
