{
  "name": "@spatial/client",
  "version": "0.1.0",
  "lockfileVersion": 3,
  "requires": true,
  "packages": {
    "": {
      "name": "@spatial/client",
      "version": "0.1.0",
      "devDependencies": {
        "@esri/arcgis-rest-feature-service": "^4.11.0",
        "@esri/arcgis-rest-request": "^4.11.0",
        "@types/node": "^24.0.0",
        "typescript": "^5.6.0"
      },
      "engines": {
        "node": ">=22.6"
      }
    },
    "node_modules/@esri/arcgis-rest-feature-service": {
      "version": "4.11.0",
      "resolved": "https://registry.npmjs.org/@esri/arcgis-rest-feature-service/-/arcgis-rest-feature-service-4.11.0.tgz",
      "integrity": "sha512-KPT+vtZruVr45VcTGuRrNOecd+vs759B5xaY2iq7rkCJIHcL0Z1lU26rSqaHGv7n5HXrk44E0kuSZL82QhfNFA==",
      "dev": true,
      "license": "Apache-2.0",
      "dependencies": {
        "pbf": "^4.0.1",
        "tslib": "^2.3.0"
      },
      "engines": {
        "node": ">=12.20.0"
      },
      "peerDependencies": {
        "@esri/arcgis-rest-portal": "^4.0.0",
        "@esri/arcgis-rest-request": "^4.0.0"
      }
    },
    "node_modules/@esri/arcgis-rest-fetch": {
      "version": "4.11.0",
      "resolved": "https://registry.npmjs.org/@esri/arcgis-rest-fetch/-/arcgis-rest-fetch-4.11.0.tgz",
      "integrity": "sha512-EcpT2EwFX5GmUwdzwQ3nfUz7M4Mo6z2fbWP3/5/tZefVz+TnWWgceudIiWy45AinuEHiJS5rCgOkNS7vmTabsA==",
      "dev": true,
      "license": "Apache-2.0",
      "dependencies": {
        "node-fetch": "^3.2.10"
      }
    },
    "node_modules/@esri/arcgis-rest-form-data": {
      "version": "4.11.0",
      "resolved": "https://registry.npmjs.org/@esri/arcgis-rest-form-data/-/arcgis-rest-form-data-4.11.0.tgz",
      "integrity": "sha512-Gm9ojfnDjH3meBHZ077otEexnMJDJXkMnVqrycMWEqzNU/7saBgtHvfscF6xwQ8JZ+Jh0VeGQ7ECUQ3xNkIPcA==",
      "dev": true,
      "license": "Apache-2.0",
      "dependencies": {
        "formdata-node": "^4.1.0"
      }
    },
    "node_modules/@esri/arcgis-rest-portal": {
      "version": "4.11.0",
      "resolved": "https://registry.npmjs.org/@esri/arcgis-rest-portal/-/arcgis-rest-portal-4.11.0.tgz",
      "integrity": "sha512-P8BiO/WUdHamcARgoHyIsISCLKko5tX/O8WDyWKGAu/8yS3AW2UMNR1JVHrv7eAUB/3p9fWQHGLV2LuM97g3Og==",
      "dev": true,
      "license": "Apache-2.0",
      "peer": true,
      "dependencies": {
        "tslib": "^2.3.0"
      },
      "engines": {
        "node": ">=12.20.0"
      },
      "peerDependencies": {
        "@esri/arcgis-rest-request": "^4.0.0"
      }
    },
    "node_modules/@esri/arcgis-rest-request": {
      "version": "4.11.0",
      "resolved": "https://registry.npmjs.org/@esri/arcgis-rest-request/-/arcgis-rest-request-4.11.0.tgz",
      "integrity": "sha512-pK6Bz3EmB4WR2fatvTD8XsaWlyeuGGpXCU02xOJkIIk1qOiS0eDWwSSsFSzU7kjpSSsvf7WjrkoZdWDZOGxMZA==",
      "dev": true,
      "license": "Apache-2.0",
      "dependencies": {
        "@esri/arcgis-rest-fetch": "^4.11.0",
        "@esri/arcgis-rest-form-data": "^4.11.0",
        "mitt": "^3.0.0",
        "tslib": "^2.3.1"
      },
      "engines": {
        "node": ">=12.20.0"
      }
    },
    "node_modules/@types/node": {
      "version": "24.13.3",
      "resolved": "https://registry.npmjs.org/@types/node/-/node-24.13.3.tgz",
      "integrity": "sha512-Dh8vAsV36ig5wa9OX4pXvMc9D3Veibfw2wix0CUwYODLD8nkj9UsLjASr49nPg+2eKzxhBV+v7L8pXvT4e639Q==",
      "dev": true,
      "license": "MIT",
      "dependencies": {
        "undici-types": "~7.18.0"
      }
    },
    "node_modules/data-uri-to-buffer": {
      "version": "4.0.1",
      "resolved": "https://registry.npmjs.org/data-uri-to-buffer/-/data-uri-to-buffer-4.0.1.tgz",
      "integrity": "sha512-0R9ikRb668HB7QDxT1vkpuUBtqc53YyAwMwGeUFKRojY/NWKvdZ+9UYtRfGmhqNbRkTSVpMbmyhXipFFv2cb/A==",
      "dev": true,
      "license": "MIT",
      "engines": {
        "node": ">= 12"
      }
    },
    "node_modules/fetch-blob": {
      "version": "3.2.0",
      "resolved": "https://registry.npmjs.org/fetch-blob/-/fetch-blob-3.2.0.tgz",
      "integrity": "sha512-7yAQpD2UMJzLi1Dqv7qFYnPbaPx7ZfFK6PiIxQ4PfkGPyNyl2Ugx+a/umUonmKqjhM4DnfbMvdX6otXq83soQQ==",
      "dev": true,
      "funding": [
        {
          "type": "github",
          "url": "https://github.com/sponsors/jimmywarting"
        },
        {
          "type": "paypal",
          "url": "https://paypal.me/jimmywarting"
        }
      ],
      "license": "MIT",
      "dependencies": {
        "node-domexception": "^1.0.0",
        "web-streams-polyfill": "^3.0.3"
      },
      "engines": {
        "node": "^12.20 || >= 14.13"
      }
    },
    "node_modules/fetch-blob/node_modules/web-streams-polyfill": {
      "version": "3.3.3",
      "resolved": "https://registry.npmjs.org/web-streams-polyfill/-/web-streams-polyfill-3.3.3.tgz",
      "integrity": "sha512-d2JWLCivmZYTSIoge9MsgFCZrt571BikcWGYkjC1khllbTeDlGqZ2D8vD8E/lJa8WGWbb7Plm8/XJYV7IJHZZw==",
      "dev": true,
      "license": "MIT",
      "engines": {
        "node": ">= 8"
      }
    },
    "node_modules/formdata-node": {
      "version": "4.4.1",
      "resolved": "https://registry.npmjs.org/formdata-node/-/formdata-node-4.4.1.tgz",
      "integrity": "sha512-0iirZp3uVDjVGt9p49aTaqjk84TrglENEDuqfdlZQ1roC9CWlPk6Avf8EEnZNcAqPonwkG35x4n3ww/1THYAeQ==",
      "dev": true,
      "license": "MIT",
      "dependencies": {
        "node-domexception": "1.0.0",
        "web-streams-polyfill": "4.0.0-beta.3"
      },
      "engines": {
        "node": ">= 12.20"
      }
    },
    "node_modules/formdata-polyfill": {
      "version": "4.0.10",
      "resolved": "https://registry.npmjs.org/formdata-polyfill/-/formdata-polyfill-4.0.10.tgz",
      "integrity": "sha512-buewHzMvYL29jdeQTVILecSaZKnt/RJWjoZCF5OW60Z67/GmSLBkOFM7qh1PI3zFNtJbaZL5eQu1vLfazOwj4g==",
      "dev": true,
      "license": "MIT",
      "dependencies": {
        "fetch-blob": "^3.1.2"
      },
      "engines": {
        "node": ">=12.20.0"
      }
    },
    "node_modules/mitt": {
      "version": "3.0.1",
      "resolved": "https://registry.npmjs.org/mitt/-/mitt-3.0.1.tgz",
      "integrity": "sha512-vKivATfr97l2/QBCYAkXYDbrIWPM2IIKEl7YPhjCvKlG3kE2gm+uBo6nEXK3M5/Ffh/FLpKExzOQ3JJoJGFKBw==",
      "dev": true,
      "license": "MIT"
    },
    "node_modules/node-domexception": {
      "version": "1.0.0",
      "resolved": "https://registry.npmjs.org/node-domexception/-/node-domexception-1.0.0.tgz",
      "integrity": "sha512-/jKZoMpw0F8GRwl4/eLROPA3cfcXtLApP0QzLmUT/HuPCZWyB7IY9ZrMeKw2O/nFIqPQB3PVM9aYm0F312AXDQ==",
      "deprecated": "Use your platform's native DOMException instead",
      "dev": true,
      "funding": [
        {
          "type": "github",
          "url": "https://github.com/sponsors/jimmywarting"
        },
        {
          "type": "github",
          "url": "https://paypal.me/jimmywarting"
        }
      ],
      "license": "MIT",
      "engines": {
        "node": ">=10.5.0"
      }
    },
    "node_modules/node-fetch": {
      "version": "3.3.2",
      "resolved": "https://registry.npmjs.org/node-fetch/-/node-fetch-3.3.2.tgz",
      "integrity": "sha512-dRB78srN/l6gqWulah9SrxeYnxeddIG30+GOqK/9OlLVyLg3HPnr6SqOWTWOXKRwC2eGYCkZ59NNuSgvSrpgOA==",
      "dev": true,
      "license": "MIT",
      "dependencies": {
        "data-uri-to-buffer": "^4.0.0",
        "fetch-blob": "^3.1.4",
        "formdata-polyfill": "^4.0.10"
      },
      "engines": {
        "node": "^12.20.0 || ^14.13.1 || >=16.0.0"
      },
      "funding": {
        "type": "opencollective",
        "url": "https://opencollective.com/node-fetch"
      }
    },
    "node_modules/pbf": {
      "version": "4.0.2",
      "resolved": "https://registry.npmjs.org/pbf/-/pbf-4.0.2.tgz",
      "integrity": "sha512-J0ajxARhZfpUEebxYs1vhMGMuLSXtBe1e+fFPDrf2uA2hgo+UshKfNUWOz92HJNz6/NFEXseQPddnHkTreWRqg==",
      "dev": true,
      "license": "BSD-3-Clause",
      "dependencies": {
        "resolve-protobuf-schema": "^2.1.0"
      },
      "bin": {
        "pbf": "bin/pbf"
      }
    },
    "node_modules/protocol-buffers-schema": {
      "version": "3.6.1",
      "resolved": "https://registry.npmjs.org/protocol-buffers-schema/-/protocol-buffers-schema-3.6.1.tgz",
      "integrity": "sha512-VG2K63Igkiv9p76tk1lilczEK1cT+kCjKtkdhw1dQZV3k3IXJbd3o6Ho8b9zJZaHSnT2hKe4I+ObmX9w6m5SmQ==",
      "dev": true,
      "license": "MIT"
    },
    "node_modules/resolve-protobuf-schema": {
      "version": "2.1.0",
      "resolved": "https://registry.npmjs.org/resolve-protobuf-schema/-/resolve-protobuf-schema-2.1.0.tgz",
      "integrity": "sha512-kI5ffTiZWmJaS/huM8wZfEMer1eRd7oJQhDuxeCLe3t7N7mX3z94CN0xPxBQxFYQTSNz9T0i+v6inKqSdK8xrQ==",
      "dev": true,
      "license": "MIT",
      "dependencies": {
        "protocol-buffers-schema": "^3.3.1"
      }
    },
    "node_modules/tslib": {
      "version": "2.8.1",
      "resolved": "https://registry.npmjs.org/tslib/-/tslib-2.8.1.tgz",
      "integrity": "sha512-oJFu94HQb+KVduSUQL7wnpmqnfmLsOA/nAh6b6EH0wCEoK0/mPeXU6c3wKDV83MkOuHPRHtSXKKU99IBazS/2w==",
      "dev": true,
      "license": "0BSD"
    },
    "node_modules/typescript": {
      "version": "5.9.3",
      "resolved": "https://registry.npmjs.org/typescript/-/typescript-5.9.3.tgz",
      "integrity": "sha512-jl1vZzPDinLr9eUt3J/t7V6FgNEw9QjvBPdysz9KfQDD41fQrC2Y4vKQdiaUpFT4bXlb1RHhLpp8wtm6M5TgSw==",
      "dev": true,
      "license": "Apache-2.0",
      "bin": {
        "tsc": "bin/tsc",
        "tsserver": "bin/tsserver"
      },
      "engines": {
        "node": ">=14.17"
      }
    },
    "node_modules/undici-types": {
      "version": "7.18.2",
      "resolved": "https://registry.npmjs.org/undici-types/-/undici-types-7.18.2.tgz",
      "integrity": "sha512-AsuCzffGHJybSaRrmr5eHr81mwJU3kjw6M+uprWvCXiNeN9SOGwQ3Jn8jb8m3Z6izVgknn1R0FTCEAP2QrLY/w==",
      "dev": true,
      "license": "MIT"
    },
    "node_modules/web-streams-polyfill": {
      "version": "4.0.0-beta.3",
      "resolved": "https://registry.npmjs.org/web-streams-polyfill/-/web-streams-polyfill-4.0.0-beta.3.tgz",
      "integrity": "sha512-QW95TCTaHmsYfHDybGMwO5IJIM93I/6vTRk+daHTWFPhwh+C8Cg7j7XyKrwrj8Ib6vYXe0ocYNrmzY4xAAN6ug==",
      "dev": true,
      "license": "MIT",
      "engines": {
        "node": ">= 14"
      }
    }
  }
}
